
Microsoft Visual Studio Solution File, Format Version 12.00
# Visual Studio Version 16
VisualStudioVersion = 16.0.33328.57
MinimumVisualStudioVersion = 10.0.40219.1
Project("{FAE04EC0-301F-11D3-BF4B-00C04F79EFBC}") = "Flight-App", "Flight-App.csproj", "{1FE237A6-2D2C-407F-BAF3-1B3AD867F15B}"
EndProject
Global
	GlobalSection(SolutionConfigurationPlatforms) = preSolution
		Debug|Any CPU = Debug|Any CPU
		Release|Any CPU = Release|Any CPU
	EndGlobalSection
	GlobalSection(ProjectConfigurationPlatforms) = postSolution
		{1FE237A6-2D2C-407F-BAF3-1B3AD867F15B}.Debug|Any CPU.ActiveCfg = Debug|Any CPU
		{1FE237A6-2D2C-407F-BAF3-1B3AD867F15B}.Debug|Any CPU.Build.0 = Debug|Any CPU
		{1FE237A6-2D2C-407F-BAF3-1B3AD867F15B}.Release|Any CPU.ActiveCfg = Release|Any CPU
		{1FE237A6-2D2C-407F-BAF3-1B3AD867F15B}.Release|Any CPU.Build.0 = Release|Any CPU
	EndGlobalSection
	GlobalSection(SolutionProperties) = preSolution
		HideSolutionNode = FALSE
	EndGlobalSection
	GlobalSection(ExtensibilityGlobals) = postSolution
		SolutionGuid = {0FF865CD-4EEC-4802-BA3A-A11515CA46DB}
	EndGlobalSection
EndGlobal
