
Microsoft Visual Studio Solution File, Format Version 12.00
# Visual Studio Version 16
VisualStudioVersion = 16.0.33328.57
MinimumVisualStudioVersion = 10.0.40219.1
Project("{FAE04EC0-301F-11D3-BF4B-00C04F79EFBC}") = "RegisterFormWeb", "RegisterFormWeb.csproj", "{AA3EFFC4-DC5E-4F01-9CB2-6419617ACC47}"
EndProject
Global
	GlobalSection(SolutionConfigurationPlatforms) = preSolution
		Debug|Any CPU = Debug|Any CPU
		Release|Any CPU = Release|Any CPU
	EndGlobalSection
	GlobalSection(ProjectConfigurationPlatforms) = postSolution
		{AA3EFFC4-DC5E-4F01-9CB2-6419617ACC47}.Debug|Any CPU.ActiveCfg = Debug|Any CPU
		{AA3EFFC4-DC5E-4F01-9CB2-6419617ACC47}.Debug|Any CPU.Build.0 = Debug|Any CPU
		{AA3EFFC4-DC5E-4F01-9CB2-6419617ACC47}.Release|Any CPU.ActiveCfg = Release|Any CPU
		{AA3EFFC4-DC5E-4F01-9CB2-6419617ACC47}.Release|Any CPU.Build.0 = Release|Any CPU
	EndGlobalSection
	GlobalSection(SolutionProperties) = preSolution
		HideSolutionNode = FALSE
	EndGlobalSection
	GlobalSection(ExtensibilityGlobals) = postSolution
		SolutionGuid = {4857342B-D7A6-4A76-852A-A66DED33EF2F}
	EndGlobalSection
EndGlobal
