
Microsoft Visual Studio Solution File, Format Version 12.00
# Visual Studio Version 16
VisualStudioVersion = 16.0.33328.57
MinimumVisualStudioVersion = 10.0.40219.1
Project("{FAE04EC0-301F-11D3-BF4B-00C04F79EFBC}") = "Tennis Club", "Tennis Club.csproj", "{BADC1843-CD7C-4918-BCFE-ACDE55CCD121}"
EndProject
Global
	GlobalSection(SolutionConfigurationPlatforms) = preSolution
		Debug|Any CPU = Debug|Any CPU
		Release|Any CPU = Release|Any CPU
	EndGlobalSection
	GlobalSection(ProjectConfigurationPlatforms) = postSolution
		{BADC1843-CD7C-4918-BCFE-ACDE55CCD121}.Debug|Any CPU.ActiveCfg = Debug|Any CPU
		{BADC1843-CD7C-4918-BCFE-ACDE55CCD121}.Debug|Any CPU.Build.0 = Debug|Any CPU
		{BADC1843-CD7C-4918-BCFE-ACDE55CCD121}.Release|Any CPU.ActiveCfg = Release|Any CPU
		{BADC1843-CD7C-4918-BCFE-ACDE55CCD121}.Release|Any CPU.Build.0 = Release|Any CPU
	EndGlobalSection
	GlobalSection(SolutionProperties) = preSolution
		HideSolutionNode = FALSE
	EndGlobalSection
	GlobalSection(ExtensibilityGlobals) = postSolution
		SolutionGuid = {476401C7-0740-4B37-8D95-318740B92D4C}
	EndGlobalSection
EndGlobal
