
Microsoft Visual Studio Solution File, Format Version 12.00
# Visual Studio Version 16
VisualStudioVersion = 16.0.33328.57
MinimumVisualStudioVersion = 10.0.40219.1
Project("{FAE04EC0-301F-11D3-BF4B-00C04F79EFBC}") = "ClientApplication", "ClientApplication.csproj", "{901B0E96-7275-4EF8-9731-B46C3735BA81}"
EndProject
Global
	GlobalSection(SolutionConfigurationPlatforms) = preSolution
		Debug|Any CPU = Debug|Any CPU
		Release|Any CPU = Release|Any CPU
	EndGlobalSection
	GlobalSection(ProjectConfigurationPlatforms) = postSolution
		{901B0E96-7275-4EF8-9731-B46C3735BA81}.Debug|Any CPU.ActiveCfg = Debug|Any CPU
		{901B0E96-7275-4EF8-9731-B46C3735BA81}.Debug|Any CPU.Build.0 = Debug|Any CPU
		{901B0E96-7275-4EF8-9731-B46C3735BA81}.Release|Any CPU.ActiveCfg = Release|Any CPU
		{901B0E96-7275-4EF8-9731-B46C3735BA81}.Release|Any CPU.Build.0 = Release|Any CPU
	EndGlobalSection
	GlobalSection(SolutionProperties) = preSolution
		HideSolutionNode = FALSE
	EndGlobalSection
	GlobalSection(ExtensibilityGlobals) = postSolution
		SolutionGuid = {384B5C31-6FD0-40DA-B58E-158218BA24D4}
	EndGlobalSection
EndGlobal
